
Microsoft Visual Studio Solution File, Format Version 12.00
# Visual Studio 15
VisualStudioVersion = 15.0.28307.489
MinimumVisualStudioVersion = 10.0.40219.1
Project("{FAE04EC0-301F-11D3-BF4B-00C04F79EFBC}") = "AuthApi", "AuthApi\AuthApi.csproj", "{4BD50208-3DB7-4846-A86B-0381BFE24E8B}"
EndProject
Global
	GlobalSection(SolutionConfigurationPlatforms) = preSolution
		Debug|Any CPU = Debug|Any CPU
		Release|Any CPU = Release|Any CPU
	EndGlobalSection
	GlobalSection(ProjectConfigurationPlatforms) = postSolution
		{4BD50208-3DB7-4846-A86B-0381BFE24E8B}.Debug|Any CPU.ActiveCfg = Debug|Any CPU
		{4BD50208-3DB7-4846-A86B-0381BFE24E8B}.Debug|Any CPU.Build.0 = Debug|Any CPU
		{4BD50208-3DB7-4846-A86B-0381BFE24E8B}.Release|Any CPU.ActiveCfg = Release|Any CPU
		{4BD50208-3DB7-4846-A86B-0381BFE24E8B}.Release|Any CPU.Build.0 = Release|Any CPU
	EndGlobalSection
	GlobalSection(SolutionProperties) = preSolution
		HideSolutionNode = FALSE
	EndGlobalSection
	GlobalSection(ExtensibilityGlobals) = postSolution
		SolutionGuid = {ACF4B79B-ABEC-4851-AD66-48B0279355BB}
	EndGlobalSection
EndGlobal
