
Microsoft Visual Studio Solution File, Format Version 12.00
# Visual Studio 15
VisualStudioVersion = 15.0.28307.489
MinimumVisualStudioVersion = 10.0.40219.1
Project("{FAE04EC0-301F-11D3-BF4B-00C04F79EFBC}") = "MySecureService", "MySecureService\MySecureService.csproj", "{4F8E8621-7673-4302-A198-3C8A148276B1}"
EndProject
Global
	GlobalSection(SolutionConfigurationPlatforms) = preSolution
		Debug|Any CPU = Debug|Any CPU
		Release|Any CPU = Release|Any CPU
	EndGlobalSection
	GlobalSection(ProjectConfigurationPlatforms) = postSolution
		{4F8E8621-7673-4302-A198-3C8A148276B1}.Debug|Any CPU.ActiveCfg = Debug|Any CPU
		{4F8E8621-7673-4302-A198-3C8A148276B1}.Debug|Any CPU.Build.0 = Debug|Any CPU
		{4F8E8621-7673-4302-A198-3C8A148276B1}.Release|Any CPU.ActiveCfg = Release|Any CPU
		{4F8E8621-7673-4302-A198-3C8A148276B1}.Release|Any CPU.Build.0 = Release|Any CPU
	EndGlobalSection
	GlobalSection(SolutionProperties) = preSolution
		HideSolutionNode = FALSE
	EndGlobalSection
	GlobalSection(ExtensibilityGlobals) = postSolution
		SolutionGuid = {FCFA9FC6-FB40-4604-AF8B-8B66DC7B7BB7}
	EndGlobalSection
EndGlobal
